
Microsoft Visual Studio Solution File, Format Version 12.00
# Visual Studio Version 17
VisualStudioVersion = 17.3.32929.385
MinimumVisualStudioVersion = 10.0.40219.1
Project("{FAE04EC0-301F-11D3-BF4B-00C04F79EFBC}") = "PreEntregaProyectoFinal", "PreEntregaProyectoFinal\PreEntregaProyectoFinal.csproj", "{985FD9FA-D3E8-4A65-A809-AF00DA3F255B}"
EndProject
Global
	GlobalSection(SolutionConfigurationPlatforms) = preSolution
		Debug|Any CPU = Debug|Any CPU
		Release|Any CPU = Release|Any CPU
	EndGlobalSection
	GlobalSection(ProjectConfigurationPlatforms) = postSolution
		{985FD9FA-D3E8-4A65-A809-AF00DA3F255B}.Debug|Any CPU.ActiveCfg = Debug|Any CPU
		{985FD9FA-D3E8-4A65-A809-AF00DA3F255B}.Debug|Any CPU.Build.0 = Debug|Any CPU
		{985FD9FA-D3E8-4A65-A809-AF00DA3F255B}.Release|Any CPU.ActiveCfg = Release|Any CPU
		{985FD9FA-D3E8-4A65-A809-AF00DA3F255B}.Release|Any CPU.Build.0 = Release|Any CPU
	EndGlobalSection
	GlobalSection(SolutionProperties) = preSolution
		HideSolutionNode = FALSE
	EndGlobalSection
	GlobalSection(ExtensibilityGlobals) = postSolution
		SolutionGuid = {A1708D57-31E1-4812-B85C-FB401B773C66}
	EndGlobalSection
EndGlobal
